
Microsoft Visual Studio Solution File, Format Version 12.00
# Visual Studio Version 16
VisualStudioVersion = 16.0.31105.61
MinimumVisualStudioVersion = 10.0.40219.1
Project("{9A19103F-16F7-4668-BE54-9A1E7A4F7556}") = "Rss", "Rss\Rss.csproj", "{2DEEBA5B-EEE5-41DE-9282-1600683270C3}"
EndProject
Project("{FAE04EC0-301F-11D3-BF4B-00C04F79EFBC}") = "Mobile.Android", "Mobile\Mobile.Android\Mobile.Android.csproj", "{FEE1D656-7AF5-49D0-B579-1B4B3B82AED5}"
EndProject
Project("{9A19103F-16F7-4668-BE54-9A1E7A4F7556}") = "Mobile", "Mobile\Mobile\Mobile.csproj", "{13A07509-695F-4258-A0D0-F7C0748DEC27}"
	ProjectSection(ProjectDependencies) = postProject
		{1C37E42B-D30D-41A9-AFDF-A5E76609850E} = {1C37E42B-D30D-41A9-AFDF-A5E76609850E}
	EndProjectSection
EndProject
Project("{FAE04EC0-301F-11D3-BF4B-00C04F79EFBC}") = "Recurso", "Recurso\Recurso.csproj", "{47968BFD-6801-4D59-A36F-573F3890DC45}"
EndProject
Project("{FAE04EC0-301F-11D3-BF4B-00C04F79EFBC}") = "RecursoM", "RecursoM\RecursoM.csproj", "{1C37E42B-D30D-41A9-AFDF-A5E76609850E}"
EndProject
Global
	GlobalSection(SolutionConfigurationPlatforms) = preSolution
		Debug|Any CPU = Debug|Any CPU
		Release|Any CPU = Release|Any CPU
	EndGlobalSection
	GlobalSection(ProjectConfigurationPlatforms) = postSolution
		{2DEEBA5B-EEE5-41DE-9282-1600683270C3}.Debug|Any CPU.ActiveCfg = Debug|Any CPU
		{2DEEBA5B-EEE5-41DE-9282-1600683270C3}.Debug|Any CPU.Build.0 = Debug|Any CPU
		{2DEEBA5B-EEE5-41DE-9282-1600683270C3}.Release|Any CPU.ActiveCfg = Release|Any CPU
		{2DEEBA5B-EEE5-41DE-9282-1600683270C3}.Release|Any CPU.Build.0 = Release|Any CPU
		{FEE1D656-7AF5-49D0-B579-1B4B3B82AED5}.Debug|Any CPU.ActiveCfg = Debug|Any CPU
		{FEE1D656-7AF5-49D0-B579-1B4B3B82AED5}.Debug|Any CPU.Build.0 = Debug|Any CPU
		{FEE1D656-7AF5-49D0-B579-1B4B3B82AED5}.Debug|Any CPU.Deploy.0 = Debug|Any CPU
		{FEE1D656-7AF5-49D0-B579-1B4B3B82AED5}.Release|Any CPU.ActiveCfg = Release|Any CPU
		{FEE1D656-7AF5-49D0-B579-1B4B3B82AED5}.Release|Any CPU.Build.0 = Release|Any CPU
		{FEE1D656-7AF5-49D0-B579-1B4B3B82AED5}.Release|Any CPU.Deploy.0 = Release|Any CPU
		{13A07509-695F-4258-A0D0-F7C0748DEC27}.Debug|Any CPU.ActiveCfg = Debug|Any CPU
		{13A07509-695F-4258-A0D0-F7C0748DEC27}.Debug|Any CPU.Build.0 = Debug|Any CPU
		{13A07509-695F-4258-A0D0-F7C0748DEC27}.Release|Any CPU.ActiveCfg = Release|Any CPU
		{13A07509-695F-4258-A0D0-F7C0748DEC27}.Release|Any CPU.Build.0 = Release|Any CPU
		{47968BFD-6801-4D59-A36F-573F3890DC45}.Debug|Any CPU.ActiveCfg = Debug|Any CPU
		{47968BFD-6801-4D59-A36F-573F3890DC45}.Debug|Any CPU.Build.0 = Debug|Any CPU
		{47968BFD-6801-4D59-A36F-573F3890DC45}.Release|Any CPU.ActiveCfg = Release|Any CPU
		{47968BFD-6801-4D59-A36F-573F3890DC45}.Release|Any CPU.Build.0 = Release|Any CPU
		{1C37E42B-D30D-41A9-AFDF-A5E76609850E}.Debug|Any CPU.ActiveCfg = Debug|Any CPU
		{1C37E42B-D30D-41A9-AFDF-A5E76609850E}.Debug|Any CPU.Build.0 = Debug|Any CPU
		{1C37E42B-D30D-41A9-AFDF-A5E76609850E}.Release|Any CPU.ActiveCfg = Release|Any CPU
		{1C37E42B-D30D-41A9-AFDF-A5E76609850E}.Release|Any CPU.Build.0 = Release|Any CPU
	EndGlobalSection
	GlobalSection(SolutionProperties) = preSolution
		HideSolutionNode = FALSE
	EndGlobalSection
	GlobalSection(ExtensibilityGlobals) = postSolution
		SolutionGuid = {D4D5A3C2-0D51-4CBD-A8F4-1772FF82D832}
	EndGlobalSection
EndGlobal
